
Microsoft Visual Studio Solution File, Format Version 12.00
# Visual Studio 15
VisualStudioVersion = 15.0.28010.2036
MinimumVisualStudioVersion = 10.0.40219.1
Project("{FAE04EC0-301F-11D3-BF4B-00C04F79EFBC}") = "DAL.Domain", "DAL.Domain\DAL.Domain.csproj", "{7FF69161-26A6-4E75-8340-D17A41C3E740}"
EndProject
Project("{FAE04EC0-301F-11D3-BF4B-00C04F79EFBC}") = "DAL.Dao", "DAL.Dao\DAL.Dao.csproj", "{B20BCE22-6D91-443A-AA97-5A27E28B4CB0}"
EndProject
Project("{FAE04EC0-301F-11D3-BF4B-00C04F79EFBC}") = "DAL.Client", "DAL.Client\DAL.Client.csproj", "{46CDB3D1-C1C4-4DA7-B2C6-95FDDA612FBC}"
EndProject
Project("{FAE04EC0-301F-11D3-BF4B-00C04F79EFBC}") = "DAL.Common", "DAL.Common\DAL.Common.csproj", "{116CFBF2-6535-43ED-BA52-E66238D42448}"
EndProject
Global
	GlobalSection(SolutionConfigurationPlatforms) = preSolution
		Debug|Any CPU = Debug|Any CPU
		Release|Any CPU = Release|Any CPU
	EndGlobalSection
	GlobalSection(ProjectConfigurationPlatforms) = postSolution
		{7FF69161-26A6-4E75-8340-D17A41C3E740}.Debug|Any CPU.ActiveCfg = Debug|Any CPU
		{7FF69161-26A6-4E75-8340-D17A41C3E740}.Debug|Any CPU.Build.0 = Debug|Any CPU
		{7FF69161-26A6-4E75-8340-D17A41C3E740}.Release|Any CPU.ActiveCfg = Release|Any CPU
		{7FF69161-26A6-4E75-8340-D17A41C3E740}.Release|Any CPU.Build.0 = Release|Any CPU
		{B20BCE22-6D91-443A-AA97-5A27E28B4CB0}.Debug|Any CPU.ActiveCfg = Debug|Any CPU
		{B20BCE22-6D91-443A-AA97-5A27E28B4CB0}.Debug|Any CPU.Build.0 = Debug|Any CPU
		{B20BCE22-6D91-443A-AA97-5A27E28B4CB0}.Release|Any CPU.ActiveCfg = Release|Any CPU
		{B20BCE22-6D91-443A-AA97-5A27E28B4CB0}.Release|Any CPU.Build.0 = Release|Any CPU
		{46CDB3D1-C1C4-4DA7-B2C6-95FDDA612FBC}.Debug|Any CPU.ActiveCfg = Debug|Any CPU
		{46CDB3D1-C1C4-4DA7-B2C6-95FDDA612FBC}.Debug|Any CPU.Build.0 = Debug|Any CPU
		{46CDB3D1-C1C4-4DA7-B2C6-95FDDA612FBC}.Release|Any CPU.ActiveCfg = Release|Any CPU
		{46CDB3D1-C1C4-4DA7-B2C6-95FDDA612FBC}.Release|Any CPU.Build.0 = Release|Any CPU
		{116CFBF2-6535-43ED-BA52-E66238D42448}.Debug|Any CPU.ActiveCfg = Debug|Any CPU
		{116CFBF2-6535-43ED-BA52-E66238D42448}.Debug|Any CPU.Build.0 = Debug|Any CPU
		{116CFBF2-6535-43ED-BA52-E66238D42448}.Release|Any CPU.ActiveCfg = Release|Any CPU
		{116CFBF2-6535-43ED-BA52-E66238D42448}.Release|Any CPU.Build.0 = Release|Any CPU
	EndGlobalSection
	GlobalSection(SolutionProperties) = preSolution
		HideSolutionNode = FALSE
	EndGlobalSection
	GlobalSection(ExtensibilityGlobals) = postSolution
		SolutionGuid = {47FAF5C5-CBC6-4263-91E9-5FA39698C314}
	EndGlobalSection
EndGlobal
